
Microsoft Visual Studio Solution File, Format Version 12.00
# Visual Studio 2012
Project("{FAE04EC0-301F-11D3-BF4B-00C04F79EFBC}") = "MTBitmapTests", "MTBitmapTests.csproj", "{D0898A1D-70D3-4795-9ED0-3CDDA45A5D70}"
EndProject
Global
	GlobalSection(SolutionConfigurationPlatforms) = preSolution
		Debug|iPhoneSimulator = Debug|iPhoneSimulator
		Release|iPhoneSimulator = Release|iPhoneSimulator
		Debug|iPhone = Debug|iPhone
		Release|iPhone = Release|iPhone
		Ad-Hoc|iPhone = Ad-Hoc|iPhone
		AppStore|iPhone = AppStore|iPhone
	EndGlobalSection
	GlobalSection(ProjectConfigurationPlatforms) = postSolution
		{D0898A1D-70D3-4795-9ED0-3CDDA45A5D70}.Debug|iPhoneSimulator.ActiveCfg = Debug|iPhoneSimulator
		{D0898A1D-70D3-4795-9ED0-3CDDA45A5D70}.Debug|iPhoneSimulator.Build.0 = Debug|iPhoneSimulator
		{D0898A1D-70D3-4795-9ED0-3CDDA45A5D70}.Release|iPhoneSimulator.ActiveCfg = Release|iPhoneSimulator
		{D0898A1D-70D3-4795-9ED0-3CDDA45A5D70}.Release|iPhoneSimulator.Build.0 = Release|iPhoneSimulator
		{D0898A1D-70D3-4795-9ED0-3CDDA45A5D70}.Debug|iPhone.ActiveCfg = Debug|iPhone
		{D0898A1D-70D3-4795-9ED0-3CDDA45A5D70}.Debug|iPhone.Build.0 = Debug|iPhone
		{D0898A1D-70D3-4795-9ED0-3CDDA45A5D70}.Release|iPhone.ActiveCfg = Release|iPhone
		{D0898A1D-70D3-4795-9ED0-3CDDA45A5D70}.Release|iPhone.Build.0 = Release|iPhone
		{D0898A1D-70D3-4795-9ED0-3CDDA45A5D70}.Ad-Hoc|iPhone.ActiveCfg = Ad-Hoc|iPhone
		{D0898A1D-70D3-4795-9ED0-3CDDA45A5D70}.Ad-Hoc|iPhone.Build.0 = Ad-Hoc|iPhone
		{D0898A1D-70D3-4795-9ED0-3CDDA45A5D70}.AppStore|iPhone.ActiveCfg = AppStore|iPhone
		{D0898A1D-70D3-4795-9ED0-3CDDA45A5D70}.AppStore|iPhone.Build.0 = AppStore|iPhone
	EndGlobalSection
EndGlobal
