
Microsoft Visual Studio Solution File, Format Version 12.00
# Visual Studio 2012
Project("{FAE04EC0-301F-11D3-BF4B-00C04F79EFBC}") = "ClippingTests", "MonoMac\ClippingTests\ClippingTests.csproj", "{7825E8A3-BA73-4A8E-95F1-9CA608EDBAAF}"
EndProject
Project("{D954291E-2A0B-460D-934E-DC6B0785DB48}") = "DrawingShared", "DrawingShared.shproj", "{C8F85826-762F-41B3-9719-8C348C491BA1}"
EndProject
Project("{FAE04EC0-301F-11D3-BF4B-00C04F79EFBC}") = "MTClippingTests", "MonoTouch\MTClippingTests\MTClippingTests.csproj", "{EC2AA4B3-F9E6-48F7-938A-BEC2DA36E563}"
EndProject
Global
	GlobalSection(SolutionConfigurationPlatforms) = preSolution
		Debug|Any CPU = Debug|Any CPU
		Release|Any CPU = Release|Any CPU
		Debug|iPhoneSimulator = Debug|iPhoneSimulator
		Release|iPhone = Release|iPhone
		Release|iPhoneSimulator = Release|iPhoneSimulator
		Debug|iPhone = Debug|iPhone
	EndGlobalSection
	GlobalSection(ProjectConfigurationPlatforms) = postSolution
		{7825E8A3-BA73-4A8E-95F1-9CA608EDBAAF}.Debug|Any CPU.ActiveCfg = Debug|Any CPU
		{7825E8A3-BA73-4A8E-95F1-9CA608EDBAAF}.Debug|Any CPU.Build.0 = Debug|Any CPU
		{7825E8A3-BA73-4A8E-95F1-9CA608EDBAAF}.Debug|iPhone.ActiveCfg = Debug|Any CPU
		{7825E8A3-BA73-4A8E-95F1-9CA608EDBAAF}.Debug|iPhone.Build.0 = Debug|Any CPU
		{7825E8A3-BA73-4A8E-95F1-9CA608EDBAAF}.Debug|iPhoneSimulator.ActiveCfg = Debug|Any CPU
		{7825E8A3-BA73-4A8E-95F1-9CA608EDBAAF}.Debug|iPhoneSimulator.Build.0 = Debug|Any CPU
		{7825E8A3-BA73-4A8E-95F1-9CA608EDBAAF}.Release|Any CPU.ActiveCfg = Release|Any CPU
		{7825E8A3-BA73-4A8E-95F1-9CA608EDBAAF}.Release|Any CPU.Build.0 = Release|Any CPU
		{7825E8A3-BA73-4A8E-95F1-9CA608EDBAAF}.Release|iPhone.ActiveCfg = Release|Any CPU
		{7825E8A3-BA73-4A8E-95F1-9CA608EDBAAF}.Release|iPhone.Build.0 = Release|Any CPU
		{7825E8A3-BA73-4A8E-95F1-9CA608EDBAAF}.Release|iPhoneSimulator.ActiveCfg = Release|Any CPU
		{7825E8A3-BA73-4A8E-95F1-9CA608EDBAAF}.Release|iPhoneSimulator.Build.0 = Release|Any CPU
		{EC2AA4B3-F9E6-48F7-938A-BEC2DA36E563}.Debug|Any CPU.ActiveCfg = Debug|iPhoneSimulator
		{EC2AA4B3-F9E6-48F7-938A-BEC2DA36E563}.Debug|Any CPU.Build.0 = Debug|iPhoneSimulator
		{EC2AA4B3-F9E6-48F7-938A-BEC2DA36E563}.Debug|iPhone.ActiveCfg = Debug|iPhone
		{EC2AA4B3-F9E6-48F7-938A-BEC2DA36E563}.Debug|iPhone.Build.0 = Debug|iPhone
		{EC2AA4B3-F9E6-48F7-938A-BEC2DA36E563}.Debug|iPhoneSimulator.ActiveCfg = Debug|iPhoneSimulator
		{EC2AA4B3-F9E6-48F7-938A-BEC2DA36E563}.Debug|iPhoneSimulator.Build.0 = Debug|iPhoneSimulator
		{EC2AA4B3-F9E6-48F7-938A-BEC2DA36E563}.Release|Any CPU.ActiveCfg = Release|iPhone
		{EC2AA4B3-F9E6-48F7-938A-BEC2DA36E563}.Release|Any CPU.Build.0 = Release|iPhone
		{EC2AA4B3-F9E6-48F7-938A-BEC2DA36E563}.Release|iPhone.ActiveCfg = Release|iPhone
		{EC2AA4B3-F9E6-48F7-938A-BEC2DA36E563}.Release|iPhone.Build.0 = Release|iPhone
		{EC2AA4B3-F9E6-48F7-938A-BEC2DA36E563}.Release|iPhoneSimulator.ActiveCfg = Release|iPhoneSimulator
		{EC2AA4B3-F9E6-48F7-938A-BEC2DA36E563}.Release|iPhoneSimulator.Build.0 = Release|iPhoneSimulator
	EndGlobalSection
EndGlobal
