
Microsoft Visual Studio Solution File, Format Version 12.00
# Visual Studio 2012
Project("{FAE04EC0-301F-11D3-BF4B-00C04F79EFBC}") = "GraphicsStateTest", "MonoMac\GraphicsStateTest\GraphicsStateTest.csproj", "{CA52F597-E83A-447A-A589-E67B4219E291}"
EndProject
Project("{D954291E-2A0B-460D-934E-DC6B0785DB48}") = "DrawingShared", "DrawingShared.shproj", "{C8F85826-762F-41B3-9719-8C348C491BA1}"
EndProject
Project("{FAE04EC0-301F-11D3-BF4B-00C04F79EFBC}") = "MTGraphicsStateTest", "MonoTouch\MTGraphicsStateTest\MTGraphicsStateTest.csproj", "{FBAD192C-8E87-4B42-A144-F52EA4CDD0CC}"
EndProject
Global
	GlobalSection(SolutionConfigurationPlatforms) = preSolution
		Debug|Any CPU = Debug|Any CPU
		Release|Any CPU = Release|Any CPU
		Debug|iPhoneSimulator = Debug|iPhoneSimulator
		Release|iPhone = Release|iPhone
		Release|iPhoneSimulator = Release|iPhoneSimulator
		Debug|iPhone = Debug|iPhone
	EndGlobalSection
	GlobalSection(ProjectConfigurationPlatforms) = postSolution
		{CA52F597-E83A-447A-A589-E67B4219E291}.Debug|Any CPU.ActiveCfg = Debug|Any CPU
		{CA52F597-E83A-447A-A589-E67B4219E291}.Debug|Any CPU.Build.0 = Debug|Any CPU
		{CA52F597-E83A-447A-A589-E67B4219E291}.Debug|iPhone.ActiveCfg = Debug|Any CPU
		{CA52F597-E83A-447A-A589-E67B4219E291}.Debug|iPhone.Build.0 = Debug|Any CPU
		{CA52F597-E83A-447A-A589-E67B4219E291}.Debug|iPhoneSimulator.ActiveCfg = Debug|Any CPU
		{CA52F597-E83A-447A-A589-E67B4219E291}.Debug|iPhoneSimulator.Build.0 = Debug|Any CPU
		{CA52F597-E83A-447A-A589-E67B4219E291}.Release|Any CPU.ActiveCfg = Release|Any CPU
		{CA52F597-E83A-447A-A589-E67B4219E291}.Release|Any CPU.Build.0 = Release|Any CPU
		{CA52F597-E83A-447A-A589-E67B4219E291}.Release|iPhone.ActiveCfg = Release|Any CPU
		{CA52F597-E83A-447A-A589-E67B4219E291}.Release|iPhone.Build.0 = Release|Any CPU
		{CA52F597-E83A-447A-A589-E67B4219E291}.Release|iPhoneSimulator.ActiveCfg = Release|Any CPU
		{CA52F597-E83A-447A-A589-E67B4219E291}.Release|iPhoneSimulator.Build.0 = Release|Any CPU
		{FBAD192C-8E87-4B42-A144-F52EA4CDD0CC}.Debug|Any CPU.ActiveCfg = Debug|iPhoneSimulator
		{FBAD192C-8E87-4B42-A144-F52EA4CDD0CC}.Debug|Any CPU.Build.0 = Debug|iPhoneSimulator
		{FBAD192C-8E87-4B42-A144-F52EA4CDD0CC}.Debug|iPhone.ActiveCfg = Debug|iPhone
		{FBAD192C-8E87-4B42-A144-F52EA4CDD0CC}.Debug|iPhone.Build.0 = Debug|iPhone
		{FBAD192C-8E87-4B42-A144-F52EA4CDD0CC}.Debug|iPhoneSimulator.ActiveCfg = Debug|iPhoneSimulator
		{FBAD192C-8E87-4B42-A144-F52EA4CDD0CC}.Debug|iPhoneSimulator.Build.0 = Debug|iPhoneSimulator
		{FBAD192C-8E87-4B42-A144-F52EA4CDD0CC}.Release|Any CPU.ActiveCfg = Release|iPhone
		{FBAD192C-8E87-4B42-A144-F52EA4CDD0CC}.Release|Any CPU.Build.0 = Release|iPhone
		{FBAD192C-8E87-4B42-A144-F52EA4CDD0CC}.Release|iPhone.ActiveCfg = Release|iPhone
		{FBAD192C-8E87-4B42-A144-F52EA4CDD0CC}.Release|iPhone.Build.0 = Release|iPhone
		{FBAD192C-8E87-4B42-A144-F52EA4CDD0CC}.Release|iPhoneSimulator.ActiveCfg = Release|iPhoneSimulator
		{FBAD192C-8E87-4B42-A144-F52EA4CDD0CC}.Release|iPhoneSimulator.Build.0 = Release|iPhoneSimulator
	EndGlobalSection
EndGlobal
