
Microsoft Visual Studio Solution File, Format Version 12.00
# Visual Studio 2012
Project("{FAE04EC0-301F-11D3-BF4B-00C04F79EFBC}") = "RegionTests", "RegionTests.csproj", "{73FC11A7-F9C8-41CC-869A-55F9E7449DD4}"
EndProject
Project("{D954291E-2A0B-460D-934E-DC6B0785DB48}") = "DrawingShared", "..\..\DrawingShared.shproj", "{C8F85826-762F-41B3-9719-8C348C491BA1}"
EndProject
Global
	GlobalSection(SolutionConfigurationPlatforms) = preSolution
		Debug|Any CPU = Debug|Any CPU
		Release|Any CPU = Release|Any CPU
		Debug|iPhoneSimulator = Debug|iPhoneSimulator
		Release|iPhone = Release|iPhone
		Release|iPhoneSimulator = Release|iPhoneSimulator
		Debug|iPhone = Debug|iPhone
	EndGlobalSection
	GlobalSection(ProjectConfigurationPlatforms) = postSolution
		{73FC11A7-F9C8-41CC-869A-55F9E7449DD4}.Debug|Any CPU.ActiveCfg = Debug|Any CPU
		{73FC11A7-F9C8-41CC-869A-55F9E7449DD4}.Debug|Any CPU.Build.0 = Debug|Any CPU
		{73FC11A7-F9C8-41CC-869A-55F9E7449DD4}.Debug|iPhone.ActiveCfg = Debug|Any CPU
		{73FC11A7-F9C8-41CC-869A-55F9E7449DD4}.Debug|iPhone.Build.0 = Debug|Any CPU
		{73FC11A7-F9C8-41CC-869A-55F9E7449DD4}.Debug|iPhoneSimulator.ActiveCfg = Debug|Any CPU
		{73FC11A7-F9C8-41CC-869A-55F9E7449DD4}.Debug|iPhoneSimulator.Build.0 = Debug|Any CPU
		{73FC11A7-F9C8-41CC-869A-55F9E7449DD4}.Release|Any CPU.ActiveCfg = Release|Any CPU
		{73FC11A7-F9C8-41CC-869A-55F9E7449DD4}.Release|Any CPU.Build.0 = Release|Any CPU
		{73FC11A7-F9C8-41CC-869A-55F9E7449DD4}.Release|iPhone.ActiveCfg = Release|Any CPU
		{73FC11A7-F9C8-41CC-869A-55F9E7449DD4}.Release|iPhone.Build.0 = Release|Any CPU
		{73FC11A7-F9C8-41CC-869A-55F9E7449DD4}.Release|iPhoneSimulator.ActiveCfg = Release|Any CPU
		{73FC11A7-F9C8-41CC-869A-55F9E7449DD4}.Release|iPhoneSimulator.Build.0 = Release|Any CPU
	EndGlobalSection
EndGlobal
